
Microsoft Visual Studio Solution File, Format Version 12.00
# Visual Studio 2013
VisualStudioVersion = 12.0.30110.0
MinimumVisualStudioVersion = 10.0.40219.1
Project("{FAE04EC0-301F-11D3-BF4B-00C04F79EFBC}") = "CabinetServer", "CabinetServer\CabinetServer.csproj", "{95C21E08-C373-4E45-BFA5-41A89D51CFDF}"
EndProject
Project("{FAE04EC0-301F-11D3-BF4B-00C04F79EFBC}") = "CommonEntity", "CommonEntity\CommonEntity.csproj", "{C4F6B129-A8F4-4178-A270-21CA79C4636C}"
EndProject
Project("{FAE04EC0-301F-11D3-BF4B-00C04F79EFBC}") = "IPC", "IPC\IPC.csproj", "{FB802AF3-1319-4748-A385-DFBCF8387AF1}"
EndProject
Project("{2150E333-8FDC-42A3-9474-1A3956D46DE8}") = "Cabinet", "Cabinet", "{524E9B3B-2AE1-4573-B948-4C1D6B9393DF}"
EndProject
Project("{FAE04EC0-301F-11D3-BF4B-00C04F79EFBC}") = "Utility", "Utility\Utility.csproj", "{A532A29F-9292-4D18-BB95-96A6AF2643A7}"
EndProject
Project("{2150E333-8FDC-42A3-9474-1A3956D46DE8}") = "UnitTest", "UnitTest", "{87E38840-7939-48E6-9CED-9BC311265A78}"
EndProject
Project("{FAE04EC0-301F-11D3-BF4B-00C04F79EFBC}") = "TestIPCClient", "TestIPCClient\TestIPCClient.csproj", "{96BB495D-A835-43AA-AF72-770A09DEB93C}"
EndProject
Project("{FAE04EC0-301F-11D3-BF4B-00C04F79EFBC}") = "TestIPCServer", "TestIPCServer\TestIPCServer.csproj", "{29328319-19BD-4679-B8E2-4D59399D0BC4}"
EndProject
Project("{FAE04EC0-301F-11D3-BF4B-00C04F79EFBC}") = "WebService", "WebService\WebService.csproj", "{F1A48D11-AF18-4B6E-BC06-6E8D2DA99969}"
EndProject
Project("{FAE04EC0-301F-11D3-BF4B-00C04F79EFBC}") = "Persistence", "DataPersistence\Persistence.csproj", "{A32073F8-91B2-4A57-914F-D721C4D7AB76}"
EndProject
Project("{FAE04EC0-301F-11D3-BF4B-00C04F79EFBC}") = "UnitTest_DataPersistence", "UnitTest_DataPersistence\UnitTest_DataPersistence.csproj", "{7B50D4F2-E9B6-4FEE-B236-6148FA991D47}"
EndProject
Project("{FAE04EC0-301F-11D3-BF4B-00C04F79EFBC}") = "UnitTest_CommonEntity", "UnitTest_CommonEntity\UnitTest_CommonEntity.csproj", "{46AE8EAB-A361-4E55-8D96-38B066F6C45A}"
EndProject
Project("{2150E333-8FDC-42A3-9474-1A3956D46DE8}") = "Brigde", "Brigde", "{E6810F70-B1A1-4BAC-9D7F-9DE242CB823B}"
EndProject
Project("{2150E333-8FDC-42A3-9474-1A3956D46DE8}") = "Data", "Data", "{FF022242-1408-49E5-9C69-ECD5A1CBD2BE}"
EndProject
Project("{2150E333-8FDC-42A3-9474-1A3956D46DE8}") = "Program", "Program", "{63A135CD-2415-4477-B2FB-AFE737622E1E}"
EndProject
Project("{2150E333-8FDC-42A3-9474-1A3956D46DE8}") = "Service", "Service", "{503F2871-9E46-47E8-ADB6-380577EC984E}"
EndProject
Project("{2150E333-8FDC-42A3-9474-1A3956D46DE8}") = "Demo", "Demo", "{045AF529-78FE-4854-9339-F2B03BD4FB42}"
EndProject
Global
	GlobalSection(SolutionConfigurationPlatforms) = preSolution
		Debug|Any CPU = Debug|Any CPU
		Release|Any CPU = Release|Any CPU
	EndGlobalSection
	GlobalSection(ProjectConfigurationPlatforms) = postSolution
		{95C21E08-C373-4E45-BFA5-41A89D51CFDF}.Debug|Any CPU.ActiveCfg = Debug|Any CPU
		{95C21E08-C373-4E45-BFA5-41A89D51CFDF}.Debug|Any CPU.Build.0 = Debug|Any CPU
		{95C21E08-C373-4E45-BFA5-41A89D51CFDF}.Release|Any CPU.ActiveCfg = Release|Any CPU
		{95C21E08-C373-4E45-BFA5-41A89D51CFDF}.Release|Any CPU.Build.0 = Release|Any CPU
		{C4F6B129-A8F4-4178-A270-21CA79C4636C}.Debug|Any CPU.ActiveCfg = Debug|Any CPU
		{C4F6B129-A8F4-4178-A270-21CA79C4636C}.Debug|Any CPU.Build.0 = Debug|Any CPU
		{C4F6B129-A8F4-4178-A270-21CA79C4636C}.Release|Any CPU.ActiveCfg = Release|Any CPU
		{C4F6B129-A8F4-4178-A270-21CA79C4636C}.Release|Any CPU.Build.0 = Release|Any CPU
		{FB802AF3-1319-4748-A385-DFBCF8387AF1}.Debug|Any CPU.ActiveCfg = Debug|Any CPU
		{FB802AF3-1319-4748-A385-DFBCF8387AF1}.Debug|Any CPU.Build.0 = Debug|Any CPU
		{FB802AF3-1319-4748-A385-DFBCF8387AF1}.Release|Any CPU.ActiveCfg = Release|Any CPU
		{FB802AF3-1319-4748-A385-DFBCF8387AF1}.Release|Any CPU.Build.0 = Release|Any CPU
		{A532A29F-9292-4D18-BB95-96A6AF2643A7}.Debug|Any CPU.ActiveCfg = Debug|Any CPU
		{A532A29F-9292-4D18-BB95-96A6AF2643A7}.Debug|Any CPU.Build.0 = Debug|Any CPU
		{A532A29F-9292-4D18-BB95-96A6AF2643A7}.Release|Any CPU.ActiveCfg = Release|Any CPU
		{A532A29F-9292-4D18-BB95-96A6AF2643A7}.Release|Any CPU.Build.0 = Release|Any CPU
		{96BB495D-A835-43AA-AF72-770A09DEB93C}.Debug|Any CPU.ActiveCfg = Debug|Any CPU
		{96BB495D-A835-43AA-AF72-770A09DEB93C}.Debug|Any CPU.Build.0 = Debug|Any CPU
		{96BB495D-A835-43AA-AF72-770A09DEB93C}.Release|Any CPU.ActiveCfg = Release|Any CPU
		{96BB495D-A835-43AA-AF72-770A09DEB93C}.Release|Any CPU.Build.0 = Release|Any CPU
		{29328319-19BD-4679-B8E2-4D59399D0BC4}.Debug|Any CPU.ActiveCfg = Debug|Any CPU
		{29328319-19BD-4679-B8E2-4D59399D0BC4}.Debug|Any CPU.Build.0 = Debug|Any CPU
		{29328319-19BD-4679-B8E2-4D59399D0BC4}.Release|Any CPU.ActiveCfg = Release|Any CPU
		{29328319-19BD-4679-B8E2-4D59399D0BC4}.Release|Any CPU.Build.0 = Release|Any CPU
		{F1A48D11-AF18-4B6E-BC06-6E8D2DA99969}.Debug|Any CPU.ActiveCfg = Debug|Any CPU
		{F1A48D11-AF18-4B6E-BC06-6E8D2DA99969}.Debug|Any CPU.Build.0 = Debug|Any CPU
		{F1A48D11-AF18-4B6E-BC06-6E8D2DA99969}.Release|Any CPU.ActiveCfg = Release|Any CPU
		{F1A48D11-AF18-4B6E-BC06-6E8D2DA99969}.Release|Any CPU.Build.0 = Release|Any CPU
		{A32073F8-91B2-4A57-914F-D721C4D7AB76}.Debug|Any CPU.ActiveCfg = Debug|Any CPU
		{A32073F8-91B2-4A57-914F-D721C4D7AB76}.Debug|Any CPU.Build.0 = Debug|Any CPU
		{A32073F8-91B2-4A57-914F-D721C4D7AB76}.Release|Any CPU.ActiveCfg = Release|Any CPU
		{A32073F8-91B2-4A57-914F-D721C4D7AB76}.Release|Any CPU.Build.0 = Release|Any CPU
		{7B50D4F2-E9B6-4FEE-B236-6148FA991D47}.Debug|Any CPU.ActiveCfg = Debug|Any CPU
		{7B50D4F2-E9B6-4FEE-B236-6148FA991D47}.Debug|Any CPU.Build.0 = Debug|Any CPU
		{7B50D4F2-E9B6-4FEE-B236-6148FA991D47}.Release|Any CPU.ActiveCfg = Release|Any CPU
		{7B50D4F2-E9B6-4FEE-B236-6148FA991D47}.Release|Any CPU.Build.0 = Release|Any CPU
		{46AE8EAB-A361-4E55-8D96-38B066F6C45A}.Debug|Any CPU.ActiveCfg = Debug|Any CPU
		{46AE8EAB-A361-4E55-8D96-38B066F6C45A}.Debug|Any CPU.Build.0 = Debug|Any CPU
		{46AE8EAB-A361-4E55-8D96-38B066F6C45A}.Release|Any CPU.ActiveCfg = Release|Any CPU
		{46AE8EAB-A361-4E55-8D96-38B066F6C45A}.Release|Any CPU.Build.0 = Release|Any CPU
	EndGlobalSection
	GlobalSection(SolutionProperties) = preSolution
		HideSolutionNode = FALSE
	EndGlobalSection
	GlobalSection(NestedProjects) = preSolution
		{E6810F70-B1A1-4BAC-9D7F-9DE242CB823B} = {524E9B3B-2AE1-4573-B948-4C1D6B9393DF}
		{FF022242-1408-49E5-9C69-ECD5A1CBD2BE} = {524E9B3B-2AE1-4573-B948-4C1D6B9393DF}
		{63A135CD-2415-4477-B2FB-AFE737622E1E} = {524E9B3B-2AE1-4573-B948-4C1D6B9393DF}
		{503F2871-9E46-47E8-ADB6-380577EC984E} = {524E9B3B-2AE1-4573-B948-4C1D6B9393DF}
		{7B50D4F2-E9B6-4FEE-B236-6148FA991D47} = {87E38840-7939-48E6-9CED-9BC311265A78}
		{46AE8EAB-A361-4E55-8D96-38B066F6C45A} = {87E38840-7939-48E6-9CED-9BC311265A78}
		{FB802AF3-1319-4748-A385-DFBCF8387AF1} = {E6810F70-B1A1-4BAC-9D7F-9DE242CB823B}
		{A32073F8-91B2-4A57-914F-D721C4D7AB76} = {FF022242-1408-49E5-9C69-ECD5A1CBD2BE}
		{C4F6B129-A8F4-4178-A270-21CA79C4636C} = {FF022242-1408-49E5-9C69-ECD5A1CBD2BE}
		{95C21E08-C373-4E45-BFA5-41A89D51CFDF} = {63A135CD-2415-4477-B2FB-AFE737622E1E}
		{A532A29F-9292-4D18-BB95-96A6AF2643A7} = {63A135CD-2415-4477-B2FB-AFE737622E1E}
		{F1A48D11-AF18-4B6E-BC06-6E8D2DA99969} = {503F2871-9E46-47E8-ADB6-380577EC984E}
		{96BB495D-A835-43AA-AF72-770A09DEB93C} = {045AF529-78FE-4854-9339-F2B03BD4FB42}
		{29328319-19BD-4679-B8E2-4D59399D0BC4} = {045AF529-78FE-4854-9339-F2B03BD4FB42}
	EndGlobalSection
EndGlobal
