
Microsoft Visual Studio Solution File, Format Version 12.00
# Visual Studio 2013
VisualStudioVersion = 12.0.30110.0
MinimumVisualStudioVersion = 10.0.40219.1
Project("{2150E333-8FDC-42A3-9474-1A3956D46DE8}") = "Cabinet", "Cabinet", "{524E9B3B-2AE1-4573-B948-4C1D6B9393DF}"
EndProject
Project("{2150E333-8FDC-42A3-9474-1A3956D46DE8}") = "UnitTest", "UnitTest", "{87E38840-7939-48E6-9CED-9BC311265A78}"
EndProject
Project("{2150E333-8FDC-42A3-9474-1A3956D46DE8}") = "Brigde", "Brigde", "{E6810F70-B1A1-4BAC-9D7F-9DE242CB823B}"
EndProject
Project("{2150E333-8FDC-42A3-9474-1A3956D46DE8}") = "Demo", "Demo", "{045AF529-78FE-4854-9339-F2B03BD4FB42}"
EndProject
Project("{2150E333-8FDC-42A3-9474-1A3956D46DE8}") = "Framework", "Framework", "{0FD9225F-639D-444C-9D01-842B9BB627A4}"
EndProject
Project("{FAE04EC0-301F-11D3-BF4B-00C04F79EFBC}") = "IPC", "Cabinet\Bridge\IPC\IPC.csproj", "{FB802AF3-1319-4748-A385-DFBCF8387AF1}"
EndProject
Project("{2150E333-8FDC-42A3-9474-1A3956D46DE8}") = "Launcher", "Launcher", "{B38AC270-1515-4262-83E3-42D161FB42F6}"
EndProject
Project("{FAE04EC0-301F-11D3-BF4B-00C04F79EFBC}") = "Console", "Cabinet\Launcher\Console\Console.csproj", "{2348E4C0-1E4B-4346-8D71-BEB9128EDA6C}"
EndProject
Project("{FAE04EC0-301F-11D3-BF4B-00C04F79EFBC}") = "Utility", "Cabinet\Utility\Utility.csproj", "{A532A29F-9292-4D18-BB95-96A6AF2643A7}"
EndProject
Project("{FAE04EC0-301F-11D3-BF4B-00C04F79EFBC}") = "CommonEntity", "Cabinet\Framework\CommonEntity\CommonEntity.csproj", "{C4F6B129-A8F4-4178-A270-21CA79C4636C}"
EndProject
Project("{FAE04EC0-301F-11D3-BF4B-00C04F79EFBC}") = "PersistenceLayer", "Cabinet\Framework\PersistenceLayer\PersistenceLayer.csproj", "{9F64D17B-4DC7-426A-8A96-B6D9B591FA17}"
EndProject
Project("{FAE04EC0-301F-11D3-BF4B-00C04F79EFBC}") = "UT_CommonEntity", "Cabinet.Test\UT_CommonEntity\UT_CommonEntity.csproj", "{FE6BB157-C332-45FA-93A0-163053106436}"
EndProject
Project("{FAE04EC0-301F-11D3-BF4B-00C04F79EFBC}") = "UT_PersistenceLayer", "Cabinet.Test\UT_PersistenceLayer\UT_PersistenceLayer.csproj", "{152AC090-3952-4758-BEA9-9478F222CAF7}"
EndProject
Project("{FAE04EC0-301F-11D3-BF4B-00C04F79EFBC}") = "Demo_IPCServerConsole", "Cabinet.Demo\Demo_IPCServerConsole\Demo_IPCServerConsole.csproj", "{2EB72A55-58F8-4FFE-AD4D-400AA4483550}"
EndProject
Project("{FAE04EC0-301F-11D3-BF4B-00C04F79EFBC}") = "Demo_IPCClientConsole", "Cabinet.Demo\Demo_IPCClientConsole\Demo_IPCClientConsole.csproj", "{FA790107-5955-4DE4-8F83-8885F3BEA546}"
EndProject
Project("{FAE04EC0-301F-11D3-BF4B-00C04F79EFBC}") = "BusinessLayer", "Cabinet\Framework\BusinessLayer\BusinessLayer.csproj", "{5600499E-FBF1-409E-B01B-AFF8121D6769}"
EndProject
Project("{FAE04EC0-301F-11D3-BF4B-00C04F79EFBC}") = "UT_BusinessLayer", "Cabinet.Test\UT_BusinessLayer\UT_BusinessLayer.csproj", "{EBE6C2C9-80F4-461C-8D95-A19349942A6E}"
EndProject
Project("{FAE04EC0-301F-11D3-BF4B-00C04F79EFBC}") = "TestUtility", "Cabinet.Test\TestUtility\TestUtility.csproj", "{B4CAE167-5877-43F6-849B-A48676B4DEF0}"
EndProject
Project("{FAE04EC0-301F-11D3-BF4B-00C04F79EFBC}") = "Demo_BusinessManager", "Cabinet.Demo\Demo_BusinessManager\Demo_BusinessManager.csproj", "{DDE29FCB-D71B-4804-9B70-6F1D5B11FDFE}"
EndProject
Project("{FAE04EC0-301F-11D3-BF4B-00C04F79EFBC}") = "Axis", "Cabinet\Axis\Axis.csproj", "{59A8E4E1-FD18-48E6-AB19-73F24EC92F1E}"
EndProject
Project("{FAE04EC0-301F-11D3-BF4B-00C04F79EFBC}") = "Demo_Axis", "Cabinet.Demo\Demo_Axis\Demo_Axis.csproj", "{E5989179-D802-4E32-9F09-5192133B5CF2}"
EndProject
Project("{FAE04EC0-301F-11D3-BF4B-00C04F79EFBC}") = "Demo_CabTreeServiceConsole", "Cabinet.Demo\Demo_CabTreeServiceConsole\Demo_CabTreeServiceConsole.csproj", "{6983AF57-DB65-444B-A810-3985598E7E36}"
EndProject
Project("{FAE04EC0-301F-11D3-BF4B-00C04F79EFBC}") = "Demo_CabTreeServiceClientConsole", "Cabinet.Demo\Demo_CabTreeServiceClientConsole\Demo_CabTreeServiceClientConsole.csproj", "{A9BA22E2-CBA0-498B-83C6-93B6CB8A9CFE}"
EndProject
Project("{FAE04EC0-301F-11D3-BF4B-00C04F79EFBC}") = "WcfService", "Cabinet\Bridge\WcfService\WcfService.csproj", "{B967ECC6-5D34-4F0A-94B6-AA77D59E5028}"
EndProject
Global
	GlobalSection(SolutionConfigurationPlatforms) = preSolution
		Debug|Any CPU = Debug|Any CPU
		Release|Any CPU = Release|Any CPU
	EndGlobalSection
	GlobalSection(ProjectConfigurationPlatforms) = postSolution
		{FB802AF3-1319-4748-A385-DFBCF8387AF1}.Debug|Any CPU.ActiveCfg = Debug|Any CPU
		{FB802AF3-1319-4748-A385-DFBCF8387AF1}.Debug|Any CPU.Build.0 = Debug|Any CPU
		{FB802AF3-1319-4748-A385-DFBCF8387AF1}.Release|Any CPU.ActiveCfg = Release|Any CPU
		{FB802AF3-1319-4748-A385-DFBCF8387AF1}.Release|Any CPU.Build.0 = Release|Any CPU
		{2348E4C0-1E4B-4346-8D71-BEB9128EDA6C}.Debug|Any CPU.ActiveCfg = Debug|Any CPU
		{2348E4C0-1E4B-4346-8D71-BEB9128EDA6C}.Debug|Any CPU.Build.0 = Debug|Any CPU
		{2348E4C0-1E4B-4346-8D71-BEB9128EDA6C}.Release|Any CPU.ActiveCfg = Release|Any CPU
		{2348E4C0-1E4B-4346-8D71-BEB9128EDA6C}.Release|Any CPU.Build.0 = Release|Any CPU
		{A532A29F-9292-4D18-BB95-96A6AF2643A7}.Debug|Any CPU.ActiveCfg = Debug|Any CPU
		{A532A29F-9292-4D18-BB95-96A6AF2643A7}.Debug|Any CPU.Build.0 = Debug|Any CPU
		{A532A29F-9292-4D18-BB95-96A6AF2643A7}.Release|Any CPU.ActiveCfg = Release|Any CPU
		{A532A29F-9292-4D18-BB95-96A6AF2643A7}.Release|Any CPU.Build.0 = Release|Any CPU
		{C4F6B129-A8F4-4178-A270-21CA79C4636C}.Debug|Any CPU.ActiveCfg = Debug|Any CPU
		{C4F6B129-A8F4-4178-A270-21CA79C4636C}.Debug|Any CPU.Build.0 = Debug|Any CPU
		{C4F6B129-A8F4-4178-A270-21CA79C4636C}.Release|Any CPU.ActiveCfg = Release|Any CPU
		{C4F6B129-A8F4-4178-A270-21CA79C4636C}.Release|Any CPU.Build.0 = Release|Any CPU
		{9F64D17B-4DC7-426A-8A96-B6D9B591FA17}.Debug|Any CPU.ActiveCfg = Debug|Any CPU
		{9F64D17B-4DC7-426A-8A96-B6D9B591FA17}.Debug|Any CPU.Build.0 = Debug|Any CPU
		{9F64D17B-4DC7-426A-8A96-B6D9B591FA17}.Release|Any CPU.ActiveCfg = Release|Any CPU
		{9F64D17B-4DC7-426A-8A96-B6D9B591FA17}.Release|Any CPU.Build.0 = Release|Any CPU
		{FE6BB157-C332-45FA-93A0-163053106436}.Debug|Any CPU.ActiveCfg = Debug|Any CPU
		{FE6BB157-C332-45FA-93A0-163053106436}.Debug|Any CPU.Build.0 = Debug|Any CPU
		{FE6BB157-C332-45FA-93A0-163053106436}.Release|Any CPU.ActiveCfg = Release|Any CPU
		{FE6BB157-C332-45FA-93A0-163053106436}.Release|Any CPU.Build.0 = Release|Any CPU
		{152AC090-3952-4758-BEA9-9478F222CAF7}.Debug|Any CPU.ActiveCfg = Debug|Any CPU
		{152AC090-3952-4758-BEA9-9478F222CAF7}.Debug|Any CPU.Build.0 = Debug|Any CPU
		{152AC090-3952-4758-BEA9-9478F222CAF7}.Release|Any CPU.ActiveCfg = Release|Any CPU
		{152AC090-3952-4758-BEA9-9478F222CAF7}.Release|Any CPU.Build.0 = Release|Any CPU
		{2EB72A55-58F8-4FFE-AD4D-400AA4483550}.Debug|Any CPU.ActiveCfg = Debug|Any CPU
		{2EB72A55-58F8-4FFE-AD4D-400AA4483550}.Debug|Any CPU.Build.0 = Debug|Any CPU
		{2EB72A55-58F8-4FFE-AD4D-400AA4483550}.Release|Any CPU.ActiveCfg = Release|Any CPU
		{2EB72A55-58F8-4FFE-AD4D-400AA4483550}.Release|Any CPU.Build.0 = Release|Any CPU
		{FA790107-5955-4DE4-8F83-8885F3BEA546}.Debug|Any CPU.ActiveCfg = Debug|Any CPU
		{FA790107-5955-4DE4-8F83-8885F3BEA546}.Debug|Any CPU.Build.0 = Debug|Any CPU
		{FA790107-5955-4DE4-8F83-8885F3BEA546}.Release|Any CPU.ActiveCfg = Release|Any CPU
		{FA790107-5955-4DE4-8F83-8885F3BEA546}.Release|Any CPU.Build.0 = Release|Any CPU
		{5600499E-FBF1-409E-B01B-AFF8121D6769}.Debug|Any CPU.ActiveCfg = Debug|Any CPU
		{5600499E-FBF1-409E-B01B-AFF8121D6769}.Debug|Any CPU.Build.0 = Debug|Any CPU
		{5600499E-FBF1-409E-B01B-AFF8121D6769}.Release|Any CPU.ActiveCfg = Release|Any CPU
		{5600499E-FBF1-409E-B01B-AFF8121D6769}.Release|Any CPU.Build.0 = Release|Any CPU
		{EBE6C2C9-80F4-461C-8D95-A19349942A6E}.Debug|Any CPU.ActiveCfg = Debug|Any CPU
		{EBE6C2C9-80F4-461C-8D95-A19349942A6E}.Debug|Any CPU.Build.0 = Debug|Any CPU
		{EBE6C2C9-80F4-461C-8D95-A19349942A6E}.Release|Any CPU.ActiveCfg = Release|Any CPU
		{EBE6C2C9-80F4-461C-8D95-A19349942A6E}.Release|Any CPU.Build.0 = Release|Any CPU
		{B4CAE167-5877-43F6-849B-A48676B4DEF0}.Debug|Any CPU.ActiveCfg = Debug|Any CPU
		{B4CAE167-5877-43F6-849B-A48676B4DEF0}.Debug|Any CPU.Build.0 = Debug|Any CPU
		{B4CAE167-5877-43F6-849B-A48676B4DEF0}.Release|Any CPU.ActiveCfg = Release|Any CPU
		{B4CAE167-5877-43F6-849B-A48676B4DEF0}.Release|Any CPU.Build.0 = Release|Any CPU
		{DDE29FCB-D71B-4804-9B70-6F1D5B11FDFE}.Debug|Any CPU.ActiveCfg = Debug|Any CPU
		{DDE29FCB-D71B-4804-9B70-6F1D5B11FDFE}.Debug|Any CPU.Build.0 = Debug|Any CPU
		{DDE29FCB-D71B-4804-9B70-6F1D5B11FDFE}.Release|Any CPU.ActiveCfg = Release|Any CPU
		{DDE29FCB-D71B-4804-9B70-6F1D5B11FDFE}.Release|Any CPU.Build.0 = Release|Any CPU
		{59A8E4E1-FD18-48E6-AB19-73F24EC92F1E}.Debug|Any CPU.ActiveCfg = Debug|Any CPU
		{59A8E4E1-FD18-48E6-AB19-73F24EC92F1E}.Debug|Any CPU.Build.0 = Debug|Any CPU
		{59A8E4E1-FD18-48E6-AB19-73F24EC92F1E}.Release|Any CPU.ActiveCfg = Release|Any CPU
		{59A8E4E1-FD18-48E6-AB19-73F24EC92F1E}.Release|Any CPU.Build.0 = Release|Any CPU
		{E5989179-D802-4E32-9F09-5192133B5CF2}.Debug|Any CPU.ActiveCfg = Debug|Any CPU
		{E5989179-D802-4E32-9F09-5192133B5CF2}.Debug|Any CPU.Build.0 = Debug|Any CPU
		{E5989179-D802-4E32-9F09-5192133B5CF2}.Release|Any CPU.ActiveCfg = Release|Any CPU
		{E5989179-D802-4E32-9F09-5192133B5CF2}.Release|Any CPU.Build.0 = Release|Any CPU
		{6983AF57-DB65-444B-A810-3985598E7E36}.Debug|Any CPU.ActiveCfg = Debug|Any CPU
		{6983AF57-DB65-444B-A810-3985598E7E36}.Debug|Any CPU.Build.0 = Debug|Any CPU
		{6983AF57-DB65-444B-A810-3985598E7E36}.Release|Any CPU.ActiveCfg = Release|Any CPU
		{6983AF57-DB65-444B-A810-3985598E7E36}.Release|Any CPU.Build.0 = Release|Any CPU
		{A9BA22E2-CBA0-498B-83C6-93B6CB8A9CFE}.Debug|Any CPU.ActiveCfg = Debug|Any CPU
		{A9BA22E2-CBA0-498B-83C6-93B6CB8A9CFE}.Debug|Any CPU.Build.0 = Debug|Any CPU
		{A9BA22E2-CBA0-498B-83C6-93B6CB8A9CFE}.Release|Any CPU.ActiveCfg = Release|Any CPU
		{A9BA22E2-CBA0-498B-83C6-93B6CB8A9CFE}.Release|Any CPU.Build.0 = Release|Any CPU
		{B967ECC6-5D34-4F0A-94B6-AA77D59E5028}.Debug|Any CPU.ActiveCfg = Debug|Any CPU
		{B967ECC6-5D34-4F0A-94B6-AA77D59E5028}.Debug|Any CPU.Build.0 = Debug|Any CPU
		{B967ECC6-5D34-4F0A-94B6-AA77D59E5028}.Release|Any CPU.ActiveCfg = Release|Any CPU
		{B967ECC6-5D34-4F0A-94B6-AA77D59E5028}.Release|Any CPU.Build.0 = Release|Any CPU
	EndGlobalSection
	GlobalSection(SolutionProperties) = preSolution
		HideSolutionNode = FALSE
	EndGlobalSection
	GlobalSection(NestedProjects) = preSolution
		{E6810F70-B1A1-4BAC-9D7F-9DE242CB823B} = {524E9B3B-2AE1-4573-B948-4C1D6B9393DF}
		{0FD9225F-639D-444C-9D01-842B9BB627A4} = {524E9B3B-2AE1-4573-B948-4C1D6B9393DF}
		{B38AC270-1515-4262-83E3-42D161FB42F6} = {524E9B3B-2AE1-4573-B948-4C1D6B9393DF}
		{A532A29F-9292-4D18-BB95-96A6AF2643A7} = {524E9B3B-2AE1-4573-B948-4C1D6B9393DF}
		{59A8E4E1-FD18-48E6-AB19-73F24EC92F1E} = {524E9B3B-2AE1-4573-B948-4C1D6B9393DF}
		{FE6BB157-C332-45FA-93A0-163053106436} = {87E38840-7939-48E6-9CED-9BC311265A78}
		{152AC090-3952-4758-BEA9-9478F222CAF7} = {87E38840-7939-48E6-9CED-9BC311265A78}
		{EBE6C2C9-80F4-461C-8D95-A19349942A6E} = {87E38840-7939-48E6-9CED-9BC311265A78}
		{B4CAE167-5877-43F6-849B-A48676B4DEF0} = {87E38840-7939-48E6-9CED-9BC311265A78}
		{FB802AF3-1319-4748-A385-DFBCF8387AF1} = {E6810F70-B1A1-4BAC-9D7F-9DE242CB823B}
		{B967ECC6-5D34-4F0A-94B6-AA77D59E5028} = {E6810F70-B1A1-4BAC-9D7F-9DE242CB823B}
		{2EB72A55-58F8-4FFE-AD4D-400AA4483550} = {045AF529-78FE-4854-9339-F2B03BD4FB42}
		{FA790107-5955-4DE4-8F83-8885F3BEA546} = {045AF529-78FE-4854-9339-F2B03BD4FB42}
		{DDE29FCB-D71B-4804-9B70-6F1D5B11FDFE} = {045AF529-78FE-4854-9339-F2B03BD4FB42}
		{E5989179-D802-4E32-9F09-5192133B5CF2} = {045AF529-78FE-4854-9339-F2B03BD4FB42}
		{6983AF57-DB65-444B-A810-3985598E7E36} = {045AF529-78FE-4854-9339-F2B03BD4FB42}
		{A9BA22E2-CBA0-498B-83C6-93B6CB8A9CFE} = {045AF529-78FE-4854-9339-F2B03BD4FB42}
		{C4F6B129-A8F4-4178-A270-21CA79C4636C} = {0FD9225F-639D-444C-9D01-842B9BB627A4}
		{9F64D17B-4DC7-426A-8A96-B6D9B591FA17} = {0FD9225F-639D-444C-9D01-842B9BB627A4}
		{5600499E-FBF1-409E-B01B-AFF8121D6769} = {0FD9225F-639D-444C-9D01-842B9BB627A4}
		{2348E4C0-1E4B-4346-8D71-BEB9128EDA6C} = {B38AC270-1515-4262-83E3-42D161FB42F6}
	EndGlobalSection
EndGlobal
